
Microsoft Visual Studio Solution File, Format Version 12.00
# Visual Studio 15
VisualStudioVersion = 15.0.27130.2036
MinimumVisualStudioVersion = 10.0.40219.1
Project("{FAE04EC0-301F-11D3-BF4B-00C04F79EFBC}") = "Thrita.Telegtools", "Thrita.Telegtools\Thrita.Telegtools.csproj", "{92E9D2C2-FC18-4C95-A68C-F2509DBD63F0}"
EndProject
Project("{FAE04EC0-301F-11D3-BF4B-00C04F79EFBC}") = "Thrita.Telegtools.Tlt", "Thrita.Telegtools.Tlt\Thrita.Telegtools.Tlt.csproj", "{48323C6E-830C-452F-8C9B-23F0E69FBE04}"
EndProject
Project("{FAE04EC0-301F-11D3-BF4B-00C04F79EFBC}") = "Thrita.Telegtools.Tlt.Test", "Thrita.Telegtools.Tlt.Test\Thrita.Telegtools.Tlt.Test.csproj", "{6BE0E9C8-A307-45C5-8C65-EDDD4EF5D24B}"
EndProject
Project("{FAE04EC0-301F-11D3-BF4B-00C04F79EFBC}") = "Thrita.Telegtools.Test", "Thrita.Telegtools.Test\Thrita.Telegtools.Test.csproj", "{44A7CEBC-69D3-4CC5-9252-7909B8F72287}"
EndProject
Project("{FAE04EC0-301F-11D3-BF4B-00C04F79EFBC}") = "Thrita.Telegtools.EntityFramework", "Thrita.Telegtools.EntityFramework\Thrita.Telegtools.EntityFramework.csproj", "{FC119A4F-4D91-497F-AF4F-58E6D0524470}"
EndProject
Project("{FAE04EC0-301F-11D3-BF4B-00C04F79EFBC}") = "Thrita.Telegtools.WebApi", "Thrita.Telegtools.WebApi\Thrita.Telegtools.WebApi.csproj", "{9A3A3747-A33C-4089-9941-B230639C0D55}"
EndProject
Project("{FAE04EC0-301F-11D3-BF4B-00C04F79EFBC}") = "Thrita.Telegtools.WebApi.Test", "Thrita.Telegtools.WebApi.Test\Thrita.Telegtools.WebApi.Test.csproj", "{BB9AECA9-1049-4284-B70C-23C5AD548A67}"
EndProject
Global
	GlobalSection(SolutionConfigurationPlatforms) = preSolution
		Debug|Any CPU = Debug|Any CPU
		Release|Any CPU = Release|Any CPU
	EndGlobalSection
	GlobalSection(ProjectConfigurationPlatforms) = postSolution
		{92E9D2C2-FC18-4C95-A68C-F2509DBD63F0}.Debug|Any CPU.ActiveCfg = Debug|Any CPU
		{92E9D2C2-FC18-4C95-A68C-F2509DBD63F0}.Debug|Any CPU.Build.0 = Debug|Any CPU
		{92E9D2C2-FC18-4C95-A68C-F2509DBD63F0}.Release|Any CPU.ActiveCfg = Release|Any CPU
		{92E9D2C2-FC18-4C95-A68C-F2509DBD63F0}.Release|Any CPU.Build.0 = Release|Any CPU
		{48323C6E-830C-452F-8C9B-23F0E69FBE04}.Debug|Any CPU.ActiveCfg = Debug|Any CPU
		{48323C6E-830C-452F-8C9B-23F0E69FBE04}.Debug|Any CPU.Build.0 = Debug|Any CPU
		{48323C6E-830C-452F-8C9B-23F0E69FBE04}.Release|Any CPU.ActiveCfg = Release|Any CPU
		{48323C6E-830C-452F-8C9B-23F0E69FBE04}.Release|Any CPU.Build.0 = Release|Any CPU
		{6BE0E9C8-A307-45C5-8C65-EDDD4EF5D24B}.Debug|Any CPU.ActiveCfg = Debug|Any CPU
		{6BE0E9C8-A307-45C5-8C65-EDDD4EF5D24B}.Debug|Any CPU.Build.0 = Debug|Any CPU
		{6BE0E9C8-A307-45C5-8C65-EDDD4EF5D24B}.Release|Any CPU.ActiveCfg = Release|Any CPU
		{6BE0E9C8-A307-45C5-8C65-EDDD4EF5D24B}.Release|Any CPU.Build.0 = Release|Any CPU
		{44A7CEBC-69D3-4CC5-9252-7909B8F72287}.Debug|Any CPU.ActiveCfg = Debug|Any CPU
		{44A7CEBC-69D3-4CC5-9252-7909B8F72287}.Debug|Any CPU.Build.0 = Debug|Any CPU
		{44A7CEBC-69D3-4CC5-9252-7909B8F72287}.Release|Any CPU.ActiveCfg = Release|Any CPU
		{44A7CEBC-69D3-4CC5-9252-7909B8F72287}.Release|Any CPU.Build.0 = Release|Any CPU
		{FC119A4F-4D91-497F-AF4F-58E6D0524470}.Debug|Any CPU.ActiveCfg = Debug|Any CPU
		{FC119A4F-4D91-497F-AF4F-58E6D0524470}.Debug|Any CPU.Build.0 = Debug|Any CPU
		{FC119A4F-4D91-497F-AF4F-58E6D0524470}.Release|Any CPU.ActiveCfg = Release|Any CPU
		{FC119A4F-4D91-497F-AF4F-58E6D0524470}.Release|Any CPU.Build.0 = Release|Any CPU
		{9A3A3747-A33C-4089-9941-B230639C0D55}.Debug|Any CPU.ActiveCfg = Debug|Any CPU
		{9A3A3747-A33C-4089-9941-B230639C0D55}.Debug|Any CPU.Build.0 = Debug|Any CPU
		{9A3A3747-A33C-4089-9941-B230639C0D55}.Release|Any CPU.ActiveCfg = Release|Any CPU
		{9A3A3747-A33C-4089-9941-B230639C0D55}.Release|Any CPU.Build.0 = Release|Any CPU
		{BB9AECA9-1049-4284-B70C-23C5AD548A67}.Debug|Any CPU.ActiveCfg = Debug|Any CPU
		{BB9AECA9-1049-4284-B70C-23C5AD548A67}.Debug|Any CPU.Build.0 = Debug|Any CPU
		{BB9AECA9-1049-4284-B70C-23C5AD548A67}.Release|Any CPU.ActiveCfg = Release|Any CPU
		{BB9AECA9-1049-4284-B70C-23C5AD548A67}.Release|Any CPU.Build.0 = Release|Any CPU
	EndGlobalSection
	GlobalSection(SolutionProperties) = preSolution
		HideSolutionNode = FALSE
	EndGlobalSection
	GlobalSection(ExtensibilityGlobals) = postSolution
		SolutionGuid = {2B41DD52-FD41-40BA-830A-69CF27268F6C}
	EndGlobalSection
EndGlobal
